// !$*UTF8*$!
{
	archiveVersion = 1;
	classes = {
	};
	objectVersion = 50;
	objects = {

/* Begin PBXBuildFile section */
		5B02DF3F22F174810007ED42 /* StudentModel.swift in Sources */ = {isa = PBXBuildFile; fileRef = 5B02DF3E22F174810007ED42 /* StudentModel.swift */; };
		5B2F639F22EFCEE9003767CE /* SessionRequest.swift in Sources */ = {isa = PBXBuildFile; fileRef = 5B2F639E22EFCEE9003767CE /* SessionRequest.swift */; };
		5B2F63A122EFCF4A003767CE /* SessionResponse.swift in Sources */ = {isa = PBXBuildFile; fileRef = 5B2F63A022EFCF4A003767CE /* SessionResponse.swift */; };
		5B820BC522F16827004E5976 /* StudentInfo.swift in Sources */ = {isa = PBXBuildFile; fileRef = 5B820BC422F16827004E5976 /* StudentInfo.swift */; };
		5B820BC722F1683F004E5976 /* StudentLocations.swift in Sources */ = {isa = PBXBuildFile; fileRef = 5B820BC622F1683F004E5976 /* StudentLocations.swift */; };
		5B924DD822F3D1BC0016BFFD /* UIViewControllerExtension.swift in Sources */ = {isa = PBXBuildFile; fileRef = 5B924DD722F3D1BC0016BFFD /* UIViewControllerExtension.swift */; };
		5B924DDA22F3EF620016BFFD /* LocationViewController.swift in Sources */ = {isa = PBXBuildFile; fileRef = 5B924DD922F3EF620016BFFD /* LocationViewController.swift */; };
		5B924DDC22F406900016BFFD /* FindMapViewController.swift in Sources */ = {isa = PBXBuildFile; fileRef = 5B924DDB22F406900016BFFD /* FindMapViewController.swift */; };
		5B924DDE22F4B4970016BFFD /* PostStudentLoc.swift in Sources */ = {isa = PBXBuildFile; fileRef = 5B924DDD22F4B4970016BFFD /* PostStudentLoc.swift */; };
		5B924DE022F4B5C90016BFFD /* PostStudentResponse.swift in Sources */ = {isa = PBXBuildFile; fileRef = 5B924DDF22F4B5C90016BFFD /* PostStudentResponse.swift */; };
		5B924DE222F4CB0D0016BFFD /* UserProfile.swift in Sources */ = {isa = PBXBuildFile; fileRef = 5B924DE122F4CB0D0016BFFD /* UserProfile.swift */; };
		5BAD4F4522EBED55008684CB /* AppDelegate.swift in Sources */ = {isa = PBXBuildFile; fileRef = 5BAD4F4422EBED55008684CB /* AppDelegate.swift */; };
		5BAD4F4722EBED55008684CB /* LoginViewController.swift in Sources */ = {isa = PBXBuildFile; fileRef = 5BAD4F4622EBED55008684CB /* LoginViewController.swift */; };
		5BAD4F4A22EBED55008684CB /* Main.storyboard in Resources */ = {isa = PBXBuildFile; fileRef = 5BAD4F4822EBED55008684CB /* Main.storyboard */; };
		5BAD4F4C22EBED57008684CB /* Assets.xcassets in Resources */ = {isa = PBXBuildFile; fileRef = 5BAD4F4B22EBED57008684CB /* Assets.xcassets */; };
		5BAD4F4F22EBED57008684CB /* LaunchScreen.storyboard in Resources */ = {isa = PBXBuildFile; fileRef = 5BAD4F4D22EBED57008684CB /* LaunchScreen.storyboard */; };
		5BAD4F5922EBF6A9008684CB /* MapViewController.swift in Sources */ = {isa = PBXBuildFile; fileRef = 5BAD4F5822EBF6A9008684CB /* MapViewController.swift */; };
		5BAD4F5B22EBF6BE008684CB /* ListViewController.swift in Sources */ = {isa = PBXBuildFile; fileRef = 5BAD4F5A22EBF6BE008684CB /* ListViewController.swift */; };
		5BAD4F5E22EC8E3C008684CB /* OTMClient.swift in Sources */ = {isa = PBXBuildFile; fileRef = 5BAD4F5D22EC8E3C008684CB /* OTMClient.swift */; };
/* End PBXBuildFile section */

/* Begin PBXFileReference section */
		5B02DF3E22F174810007ED42 /* StudentModel.swift */ = {isa = PBXFileReference; lastKnownFileType = sourcecode.swift; path = StudentModel.swift; sourceTree = "<group>"; };
		5B2F639E22EFCEE9003767CE /* SessionRequest.swift */ = {isa = PBXFileReference; lastKnownFileType = sourcecode.swift; path = SessionRequest.swift; sourceTree = "<group>"; };
		5B2F63A022EFCF4A003767CE /* SessionResponse.swift */ = {isa = PBXFileReference; lastKnownFileType = sourcecode.swift; path = SessionResponse.swift; sourceTree = "<group>"; };
		5B820BC422F16827004E5976 /* StudentInfo.swift */ = {isa = PBXFileReference; lastKnownFileType = sourcecode.swift; path = StudentInfo.swift; sourceTree = "<group>"; };
		5B820BC622F1683F004E5976 /* StudentLocations.swift */ = {isa = PBXFileReference; lastKnownFileType = sourcecode.swift; path = StudentLocations.swift; sourceTree = "<group>"; };
		5B924DD722F3D1BC0016BFFD /* UIViewControllerExtension.swift */ = {isa = PBXFileReference; lastKnownFileType = sourcecode.swift; path = UIViewControllerExtension.swift; sourceTree = "<group>"; };
		5B924DD922F3EF620016BFFD /* LocationViewController.swift */ = {isa = PBXFileReference; lastKnownFileType = sourcecode.swift; path = LocationViewController.swift; sourceTree = "<group>"; };
		5B924DDB22F406900016BFFD /* FindMapViewController.swift */ = {isa = PBXFileReference; lastKnownFileType = sourcecode.swift; path = FindMapViewController.swift; sourceTree = "<group>"; };
		5B924DDD22F4B4970016BFFD /* PostStudentLoc.swift */ = {isa = PBXFileReference; lastKnownFileType = sourcecode.swift; path = PostStudentLoc.swift; sourceTree = "<group>"; };
		5B924DDF22F4B5C90016BFFD /* PostStudentResponse.swift */ = {isa = PBXFileReference; lastKnownFileType = sourcecode.swift; path = PostStudentResponse.swift; sourceTree = "<group>"; };
		5B924DE122F4CB0D0016BFFD /* UserProfile.swift */ = {isa = PBXFileReference; lastKnownFileType = sourcecode.swift; path = UserProfile.swift; sourceTree = "<group>"; };
		5BAD4F4122EBED55008684CB /* OnTheMap.app */ = {isa = PBXFileReference; explicitFileType = wrapper.application; includeInIndex = 0; path = OnTheMap.app; sourceTree = BUILT_PRODUCTS_DIR; };
		5BAD4F4422EBED55008684CB /* AppDelegate.swift */ = {isa = PBXFileReference; lastKnownFileType = sourcecode.swift; path = AppDelegate.swift; sourceTree = "<group>"; };
		5BAD4F4622EBED55008684CB /* LoginViewController.swift */ = {isa = PBXFileReference; lastKnownFileType = sourcecode.swift; path = LoginViewController.swift; sourceTree = "<group>"; };
		5BAD4F4922EBED55008684CB /* Base */ = {isa = PBXFileReference; lastKnownFileType = file.storyboard; name = Base; path = Base.lproj/Main.storyboard; sourceTree = "<group>"; };
		5BAD4F4B22EBED57008684CB /* Assets.xcassets */ = {isa = PBXFileReference; lastKnownFileType = folder.assetcatalog; path = Assets.xcassets; sourceTree = "<group>"; };
		5BAD4F4E22EBED57008684CB /* Base */ = {isa = PBXFileReference; lastKnownFileType = file.storyboard; name = Base; path = Base.lproj/LaunchScreen.storyboard; sourceTree = "<group>"; };
		5BAD4F5022EBED57008684CB /* Info.plist */ = {isa = PBXFileReference; lastKnownFileType = text.plist.xml; path = Info.plist; sourceTree = "<group>"; };
		5BAD4F5822EBF6A9008684CB /* MapViewController.swift */ = {isa = PBXFileReference; lastKnownFileType = sourcecode.swift; path = MapViewController.swift; sourceTree = "<group>"; };
		5BAD4F5A22EBF6BE008684CB /* ListViewController.swift */ = {isa = PBXFileReference; lastKnownFileType = sourcecode.swift; path = ListViewController.swift; sourceTree = "<group>"; };
		5BAD4F5D22EC8E3C008684CB /* OTMClient.swift */ = {isa = PBXFileReference; lastKnownFileType = sourcecode.swift; path = OTMClient.swift; sourceTree = "<group>"; };
/* End PBXFileReference section */

/* Begin PBXFrameworksBuildPhase section */
		5BAD4F3E22EBED55008684CB /* Frameworks */ = {
			isa = PBXFrameworksBuildPhase;
			buildActionMask = 2147483647;
			files = (
			);
			runOnlyForDeploymentPostprocessing = 0;
		};
/* End PBXFrameworksBuildPhase section */

/* Begin PBXGroup section */
		5B2F639C22EFCEA9003767CE /* Request */ = {
			isa = PBXGroup;
			children = (
				5B2F639E22EFCEE9003767CE /* SessionRequest.swift */,
				5B924DDD22F4B4970016BFFD /* PostStudentLoc.swift */,
			);
			path = Request;
			sourceTree = "<group>";
		};
		5B2F639D22EFCEC2003767CE /* Response */ = {
			isa = PBXGroup;
			children = (
				5B2F63A022EFCF4A003767CE /* SessionResponse.swift */,
				5B820BC422F16827004E5976 /* StudentInfo.swift */,
				5B820BC622F1683F004E5976 /* StudentLocations.swift */,
				5B924DDF22F4B5C90016BFFD /* PostStudentResponse.swift */,
				5B924DE122F4CB0D0016BFFD /* UserProfile.swift */,
			);
			path = Response;
			sourceTree = "<group>";
		};
		5BAD4F3822EBED54008684CB = {
			isa = PBXGroup;
			children = (
				5BAD4F4322EBED55008684CB /* OnTheMap */,
				5BAD4F4222EBED55008684CB /* Products */,
			);
			sourceTree = "<group>";
		};
		5BAD4F4222EBED55008684CB /* Products */ = {
			isa = PBXGroup;
			children = (
				5BAD4F4122EBED55008684CB /* OnTheMap.app */,
			);
			name = Products;
			sourceTree = "<group>";
		};
		5BAD4F4322EBED55008684CB /* OnTheMap */ = {
			isa = PBXGroup;
			children = (
				5BAD4F4422EBED55008684CB /* AppDelegate.swift */,
				5B02DF3E22F174810007ED42 /* StudentModel.swift */,
				5BAD4F5D22EC8E3C008684CB /* OTMClient.swift */,
				5BAD4F4622EBED55008684CB /* LoginViewController.swift */,
				5BAD4F5822EBF6A9008684CB /* MapViewController.swift */,
				5BAD4F5A22EBF6BE008684CB /* ListViewController.swift */,
				5B924DD722F3D1BC0016BFFD /* UIViewControllerExtension.swift */,
				5B924DD922F3EF620016BFFD /* LocationViewController.swift */,
				5B924DDB22F406900016BFFD /* FindMapViewController.swift */,
				5B2F639C22EFCEA9003767CE /* Request */,
				5B2F639D22EFCEC2003767CE /* Response */,
				5BAD4F4822EBED55008684CB /* Main.storyboard */,
				5BAD4F4B22EBED57008684CB /* Assets.xcassets */,
				5BAD4F4D22EBED57008684CB /* LaunchScreen.storyboard */,
				5BAD4F5022EBED57008684CB /* Info.plist */,
			);
			path = OnTheMap;
			sourceTree = "<group>";
		};
/* End PBXGroup section */

/* Begin PBXNativeTarget section */
		5BAD4F4022EBED55008684CB /* OnTheMap */ = {
			isa = PBXNativeTarget;
			buildConfigurationList = 5BAD4F5322EBED57008684CB /* Build configuration list for PBXNativeTarget "OnTheMap" */;
			buildPhases = (
				5BAD4F3D22EBED55008684CB /* Sources */,
				5BAD4F3E22EBED55008684CB /* Frameworks */,
				5BAD4F3F22EBED55008684CB /* Resources */,
			);
			buildRules = (
			);
			dependencies = (
			);
			name = OnTheMap;
			productName = OnTheMap;
			productReference = 5BAD4F4122EBED55008684CB /* OnTheMap.app */;
			productType = "com.apple.product-type.application";
		};
/* End PBXNativeTarget section */

/* Begin PBXProject section */
		5BAD4F3922EBED54008684CB /* Project object */ = {
			isa = PBXProject;
			attributes = {
				LastSwiftUpdateCheck = 1030;
				LastUpgradeCheck = 1030;
				ORGANIZATIONNAME = AntarpunitSingh;
				TargetAttributes = {
					5BAD4F4022EBED55008684CB = {
						CreatedOnToolsVersion = 10.3;
					};
				};
			};
			buildConfigurationList = 5BAD4F3C22EBED54008684CB /* Build configuration list for PBXProject "OnTheMap" */;
			compatibilityVersion = "Xcode 9.3";
			developmentRegion = en;
			hasScannedForEncodings = 0;
			knownRegions = (
				en,
				Base,
			);
			mainGroup = 5BAD4F3822EBED54008684CB;
			productRefGroup = 5BAD4F4222EBED55008684CB /* Products */;
			projectDirPath = "";
			projectRoot = "";
			targets = (
				5BAD4F4022EBED55008684CB /* OnTheMap */,
			);
		};
/* End PBXProject section */

/* Begin PBXResourcesBuildPhase section */
		5BAD4F3F22EBED55008684CB /* Resources */ = {
			isa = PBXResourcesBuildPhase;
			buildActionMask = 2147483647;
			files = (
				5BAD4F4F22EBED57008684CB /* LaunchScreen.storyboard in Resources */,
				5BAD4F4C22EBED57008684CB /* Assets.xcassets in Resources */,
				5BAD4F4A22EBED55008684CB /* Main.storyboard in Resources */,
			);
			runOnlyForDeploymentPostprocessing = 0;
		};
/* End PBXResourcesBuildPhase section */

/* Begin PBXSourcesBuildPhase section */
		5BAD4F3D22EBED55008684CB /* Sources */ = {
			isa = PBXSourcesBuildPhase;
			buildActionMask = 2147483647;
			files = (
				5BAD4F4722EBED55008684CB /* LoginViewController.swift in Sources */,
				5BAD4F5922EBF6A9008684CB /* MapViewController.swift in Sources */,
				5B820BC722F1683F004E5976 /* StudentLocations.swift in Sources */,
				5B924DDA22F3EF620016BFFD /* LocationViewController.swift in Sources */,
				5B02DF3F22F174810007ED42 /* StudentModel.swift in Sources */,
				5B924DE022F4B5C90016BFFD /* PostStudentResponse.swift in Sources */,
				5B2F639F22EFCEE9003767CE /* SessionRequest.swift in Sources */,
				5B924DDE22F4B4970016BFFD /* PostStudentLoc.swift in Sources */,
				5B924DDC22F406900016BFFD /* FindMapViewController.swift in Sources */,
				5B2F63A122EFCF4A003767CE /* SessionResponse.swift in Sources */,
				5BAD4F5E22EC8E3C008684CB /* OTMClient.swift in Sources */,
				5BAD4F5B22EBF6BE008684CB /* ListViewController.swift in Sources */,
				5B924DE222F4CB0D0016BFFD /* UserProfile.swift in Sources */,
				5BAD4F4522EBED55008684CB /* AppDelegate.swift in Sources */,
				5B924DD822F3D1BC0016BFFD /* UIViewControllerExtension.swift in Sources */,
				5B820BC522F16827004E5976 /* StudentInfo.swift in Sources */,
			);
			runOnlyForDeploymentPostprocessing = 0;
		};
/* End PBXSourcesBuildPhase section */

/* Begin PBXVariantGroup section */
		5BAD4F4822EBED55008684CB /* Main.storyboard */ = {
			isa = PBXVariantGroup;
			children = (
				5BAD4F4922EBED55008684CB /* Base */,
			);
			name = Main.storyboard;
			sourceTree = "<group>";
		};
		5BAD4F4D22EBED57008684CB /* LaunchScreen.storyboard */ = {
			isa = PBXVariantGroup;
			children = (
				5BAD4F4E22EBED57008684CB /* Base */,
			);
			name = LaunchScreen.storyboard;
			sourceTree = "<group>";
		};
/* End PBXVariantGroup section */

/* Begin XCBuildConfiguration section */
		5BAD4F5122EBED57008684CB /* Debug */ = {
			isa = XCBuildConfiguration;
			buildSettings = {
				ALWAYS_SEARCH_USER_PATHS = NO;
				CLANG_ANALYZER_NONNULL = YES;
				CLANG_ANALYZER_NUMBER_OBJECT_CONVERSION = YES_AGGRESSIVE;
				CLANG_CXX_LANGUAGE_STANDARD = "gnu++14";
				CLANG_CXX_LIBRARY = "libc++";
				CLANG_ENABLE_MODULES = YES;
				CLANG_ENABLE_OBJC_ARC = YES;
				CLANG_ENABLE_OBJC_WEAK = YES;
				CLANG_WARN_BLOCK_CAPTURE_AUTORELEASING = YES;
				CLANG_WARN_BOOL_CONVERSION = YES;
				CLANG_WARN_COMMA = YES;
				CLANG_WARN_CONSTANT_CONVERSION = YES;
				CLANG_WARN_DEPRECATED_OBJC_IMPLEMENTATIONS = YES;
				CLANG_WARN_DIRECT_OBJC_ISA_USAGE = YES_ERROR;
				CLANG_WARN_DOCUMENTATION_COMMENTS = YES;
				CLANG_WARN_EMPTY_BODY = YES;
				CLANG_WARN_ENUM_CONVERSION = YES;
				CLANG_WARN_INFINITE_RECURSION = YES;
				CLANG_WARN_INT_CONVERSION = YES;
				CLANG_WARN_NON_LITERAL_NULL_CONVERSION = YES;
				CLANG_WARN_OBJC_IMPLICIT_RETAIN_SELF = YES;
				CLANG_WARN_OBJC_LITERAL_CONVERSION = YES;
				CLANG_WARN_OBJC_ROOT_CLASS = YES_ERROR;
				CLANG_WARN_RANGE_LOOP_ANALYSIS = YES;
				CLANG_WARN_STRICT_PROTOTYPES = YES;
				CLANG_WARN_SUSPICIOUS_MOVE = YES;
				CLANG_WARN_UNGUARDED_AVAILABILITY = YES_AGGRESSIVE;
				CLANG_WARN_UNREACHABLE_CODE = YES;
				CLANG_WARN__DUPLICATE_METHOD_MATCH = YES;
				CODE_SIGN_IDENTITY = "iPhone Developer";
				COPY_PHASE_STRIP = NO;
				DEBUG_INFORMATION_FORMAT = dwarf;
				ENABLE_STRICT_OBJC_MSGSEND = YES;
				ENABLE_TESTABILITY = YES;
				GCC_C_LANGUAGE_STANDARD = gnu11;
				GCC_DYNAMIC_NO_PIC = NO;
				GCC_NO_COMMON_BLOCKS = YES;
				GCC_OPTIMIZATION_LEVEL = 0;
				GCC_PREPROCESSOR_DEFINITIONS = (
					"DEBUG=1",
					"$(inherited)",
				);
				GCC_WARN_64_TO_32_BIT_CONVERSION = YES;
				GCC_WARN_ABOUT_RETURN_TYPE = YES_ERROR;
				GCC_WARN_UNDECLARED_SELECTOR = YES;
				GCC_WARN_UNINITIALIZED_AUTOS = YES_AGGRESSIVE;
				GCC_WARN_UNUSED_FUNCTION = YES;
				GCC_WARN_UNUSED_VARIABLE = YES;
				IPHONEOS_DEPLOYMENT_TARGET = 12.4;
				MTL_ENABLE_DEBUG_INFO = INCLUDE_SOURCE;
				MTL_FAST_MATH = YES;
				ONLY_ACTIVE_ARCH = YES;
				SDKROOT = iphoneos;
				SWIFT_ACTIVE_COMPILATION_CONDITIONS = DEBUG;
				SWIFT_OPTIMIZATION_LEVEL = "-Onone";
			};
			name = Debug;
		};
		5BAD4F5222EBED57008684CB /* Release */ = {
			isa = XCBuildConfiguration;
			buildSettings = {
				ALWAYS_SEARCH_USER_PATHS = NO;
				CLANG_ANALYZER_NONNULL = YES;
				CLANG_ANALYZER_NUMBER_OBJECT_CONVERSION = YES_AGGRESSIVE;
				CLANG_CXX_LANGUAGE_STANDARD = "gnu++14";
				CLANG_CXX_LIBRARY = "libc++";
				CLANG_ENABLE_MODULES = YES;
				CLANG_ENABLE_OBJC_ARC = YES;
				CLANG_ENABLE_OBJC_WEAK = YES;
				CLANG_WARN_BLOCK_CAPTURE_AUTORELEASING = YES;
				CLANG_WARN_BOOL_CONVERSION = YES;
				CLANG_WARN_COMMA = YES;
				CLANG_WARN_CONSTANT_CONVERSION = YES;
				CLANG_WARN_DEPRECATED_OBJC_IMPLEMENTATIONS = YES;
				CLANG_WARN_DIRECT_OBJC_ISA_USAGE = YES_ERROR;
				CLANG_WARN_DOCUMENTATION_COMMENTS = YES;
				CLANG_WARN_EMPTY_BODY = YES;
				CLANG_WARN_ENUM_CONVERSION = YES;
				CLANG_WARN_INFINITE_RECURSION = YES;
				CLANG_WARN_INT_CONVERSION = YES;
				CLANG_WARN_NON_LITERAL_NULL_CONVERSION = YES;
				CLANG_WARN_OBJC_IMPLICIT_RETAIN_SELF = YES;
				CLANG_WARN_OBJC_LITERAL_CONVERSION = YES;
				CLANG_WARN_OBJC_ROOT_CLASS = YES_ERROR;
				CLANG_WARN_RANGE_LOOP_ANALYSIS = YES;
				CLANG_WARN_STRICT_PROTOTYPES = YES;
				CLANG_WARN_SUSPICIOUS_MOVE = YES;
				CLANG_WARN_UNGUARDED_AVAILABILITY = YES_AGGRESSIVE;
				CLANG_WARN_UNREACHABLE_CODE = YES;
				CLANG_WARN__DUPLICATE_METHOD_MATCH = YES;
				CODE_SIGN_IDENTITY = "iPhone Developer";
				COPY_PHASE_STRIP = NO;
				DEBUG_INFORMATION_FORMAT = "dwarf-with-dsym";
				ENABLE_NS_ASSERTIONS = NO;
				ENABLE_STRICT_OBJC_MSGSEND = YES;
				GCC_C_LANGUAGE_STANDARD = gnu11;
				GCC_NO_COMMON_BLOCKS = YES;
				GCC_WARN_64_TO_32_BIT_CONVERSION = YES;
				GCC_WARN_ABOUT_RETURN_TYPE = YES_ERROR;
				GCC_WARN_UNDECLARED_SELECTOR = YES;
				GCC_WARN_UNINITIALIZED_AUTOS = YES_AGGRESSIVE;
				GCC_WARN_UNUSED_FUNCTION = YES;
				GCC_WARN_UNUSED_VARIABLE = YES;
				IPHONEOS_DEPLOYMENT_TARGET = 12.4;
				MTL_ENABLE_DEBUG_INFO = NO;
				MTL_FAST_MATH = YES;
				SDKROOT = iphoneos;
				SWIFT_COMPILATION_MODE = wholemodule;
				SWIFT_OPTIMIZATION_LEVEL = "-O";
				VALIDATE_PRODUCT = YES;
			};
			name = Release;
		};
		5BAD4F5422EBED57008684CB /* Debug */ = {
			isa = XCBuildConfiguration;
			buildSettings = {
				ASSETCATALOG_COMPILER_APPICON_NAME = AppIcon;
				CODE_SIGN_STYLE = Automatic;
				DEVELOPMENT_TEAM = YNJ3NH92GU;
				INFOPLIST_FILE = OnTheMap/Info.plist;
				IPHONEOS_DEPLOYMENT_TARGET = 12.2;
				LD_RUNPATH_SEARCH_PATHS = (
					"$(inherited)",
					"@executable_path/Frameworks",
				);
				PRODUCT_BUNDLE_IDENTIFIER = com.Sanjproduction.OnTheMap;
				PRODUCT_NAME = "$(TARGET_NAME)";
				SWIFT_VERSION = 5.0;
				TARGETED_DEVICE_FAMILY = "1,2";
			};
			name = Debug;
		};
		5BAD4F5522EBED57008684CB /* Release */ = {
			isa = XCBuildConfiguration;
			buildSettings = {
				ASSETCATALOG_COMPILER_APPICON_NAME = AppIcon;
				CODE_SIGN_STYLE = Automatic;
				DEVELOPMENT_TEAM = YNJ3NH92GU;
				INFOPLIST_FILE = OnTheMap/Info.plist;
				IPHONEOS_DEPLOYMENT_TARGET = 12.2;
				LD_RUNPATH_SEARCH_PATHS = (
					"$(inherited)",
					"@executable_path/Frameworks",
				);
				PRODUCT_BUNDLE_IDENTIFIER = com.Sanjproduction.OnTheMap;
				PRODUCT_NAME = "$(TARGET_NAME)";
				SWIFT_VERSION = 5.0;
				TARGETED_DEVICE_FAMILY = "1,2";
			};
			name = Release;
		};
/* End XCBuildConfiguration section */

/* Begin XCConfigurationList section */
		5BAD4F3C22EBED54008684CB /* Build configuration list for PBXProject "OnTheMap" */ = {
			isa = XCConfigurationList;
			buildConfigurations = (
				5BAD4F5122EBED57008684CB /* Debug */,
				5BAD4F5222EBED57008684CB /* Release */,
			);
			defaultConfigurationIsVisible = 0;
			defaultConfigurationName = Release;
		};
		5BAD4F5322EBED57008684CB /* Build configuration list for PBXNativeTarget "OnTheMap" */ = {
			isa = XCConfigurationList;
			buildConfigurations = (
				5BAD4F5422EBED57008684CB /* Debug */,
				5BAD4F5522EBED57008684CB /* Release */,
			);
			defaultConfigurationIsVisible = 0;
			defaultConfigurationName = Release;
		};
/* End XCConfigurationList section */
	};
	rootObject = 5BAD4F3922EBED54008684CB /* Project object */;
}
